// !$*UTF8*$!
{
	archiveVersion = 1;
	classes = {
	};
	objectVersion = 77;
	objects = {

/* Begin PBXContainerItemProxy section */
		06AD917F2DA83D0C00B9B1E1 /* PBXContainerItemProxy */ = {
			isa = PBXContainerItemProxy;
			containerPortal = 06AD91692DA83D0700B9B1E1 /* Project object */;
			proxyType = 1;
			remoteGlobalIDString = 06AD91702DA83D0700B9B1E1;
			remoteInfo = SportsGeek;
		};
		06AD91892DA83D0C00B9B1E1 /* PBXContainerItemProxy */ = {
			isa = PBXContainerItemProxy;
			containerPortal = 06AD91692DA83D0700B9B1E1 /* Project object */;
			proxyType = 1;
			remoteGlobalIDString = 06AD91702DA83D0700B9B1E1;
			remoteInfo = SportsGeek;
		};
/* End PBXContainerItemProxy section */

/* Begin PBXFileReference section */
		06AD91712DA83D0700B9B1E1 /* SportsGeek.app */ = {isa = PBXFileReference; explicitFileType = wrapper.application; includeInIndex = 0; path = SportsGeek.app; sourceTree = BUILT_PRODUCTS_DIR; };
		06AD917E2DA83D0C00B9B1E1 /* SportsGeekTests.xctest */ = {isa = PBXFileReference; explicitFileType = wrapper.cfbundle; includeInIndex = 0; path = SportsGeekTests.xctest; sourceTree = BUILT_PRODUCTS_DIR; };
		06AD91882DA83D0C00B9B1E1 /* SportsGeekUITests.xctest */ = {isa = PBXFileReference; explicitFileType = wrapper.cfbundle; includeInIndex = 0; path = SportsGeekUITests.xctest; sourceTree = BUILT_PRODUCTS_DIR; };
/* End PBXFileReference section */

/* Begin PBXFileSystemSynchronizedRootGroup section */
		06AD91732DA83D0700B9B1E1 /* SportsGeek */ = {
			isa = PBXFileSystemSynchronizedRootGroup;
			path = SportsGeek;
			sourceTree = "<group>";
		};
		06AD91812DA83D0C00B9B1E1 /* SportsGeekTests */ = {
			isa = PBXFileSystemSynchronizedRootGroup;
			path = SportsGeekTests;
			sourceTree = "<group>";
		};
		06AD918B2DA83D0C00B9B1E1 /* SportsGeekUITests */ = {
			isa = PBXFileSystemSynchronizedRootGroup;
			path = SportsGeekUITests;
			sourceTree = "<group>";
		};
/* End PBXFileSystemSynchronizedRootGroup section */

/* Begin PBXFrameworksBuildPhase section */
		06AD916E2DA83D0700B9B1E1 /* Frameworks */ = {
			isa = PBXFrameworksBuildPhase;
			buildActionMask = 2147483647;
			files = (
			);
			runOnlyForDeploymentPostprocessing = 0;
		};
		06AD917B2DA83D0C00B9B1E1 /* Frameworks */ = {
			isa = PBXFrameworksBuildPhase;
			buildActionMask = 2147483647;
			files = (
			);
			runOnlyForDeploymentPostprocessing = 0;
		};
		06AD91852DA83D0C00B9B1E1 /* Frameworks */ = {
			isa = PBXFrameworksBuildPhase;
			buildActionMask = 2147483647;
			files = (
			);
			runOnlyForDeploymentPostprocessing = 0;
		};
/* End PBXFrameworksBuildPhase section */

/* Begin PBXGroup section */
		06AD91682DA83D0700B9B1E1 = {
			isa = PBXGroup;
			children = (
				06AD91732DA83D0700B9B1E1 /* SportsGeek */,
				06AD91812DA83D0C00B9B1E1 /* SportsGeekTests */,
				06AD918B2DA83D0C00B9B1E1 /* SportsGeekUITests */,
				06AD91722DA83D0700B9B1E1 /* Products */,
			);
			sourceTree = "<group>";
		};
		06AD91722DA83D0700B9B1E1 /* Products */ = {
			isa = PBXGroup;
			children = (
				06AD91712DA83D0700B9B1E1 /* SportsGeek.app */,
				06AD917E2DA83D0C00B9B1E1 /* SportsGeekTests.xctest */,
				06AD91882DA83D0C00B9B1E1 /* SportsGeekUITests.xctest */,
			);
			name = Products;
			sourceTree = "<group>";
		};
/* End PBXGroup section */

/* Begin PBXNativeTarget section */
		06AD91702DA83D0700B9B1E1 /* SportsGeek */ = {
			isa = PBXNativeTarget;
			buildConfigurationList = 06AD91922DA83D0C00B9B1E1 /* Build configuration list for PBXNativeTarget "SportsGeek" */;
			buildPhases = (
				06AD916D2DA83D0700B9B1E1 /* Sources */,
				06AD916E2DA83D0700B9B1E1 /* Frameworks */,
				06AD916F2DA83D0700B9B1E1 /* Resources */,
			);
			buildRules = (
			);
			dependencies = (
			);
			fileSystemSynchronizedGroups = (
				06AD91732DA83D0700B9B1E1 /* SportsGeek */,
			);
			name = SportsGeek;
			packageProductDependencies = (
			);
			productName = SportsGeek;
			productReference = 06AD91712DA83D0700B9B1E1 /* SportsGeek.app */;
			productType = "com.apple.product-type.application";
		};
		06AD917D2DA83D0C00B9B1E1 /* SportsGeekTests */ = {
			isa = PBXNativeTarget;
			buildConfigurationList = 06AD91952DA83D0C00B9B1E1 /* Build configuration list for PBXNativeTarget "SportsGeekTests" */;
			buildPhases = (
				06AD917A2DA83D0C00B9B1E1 /* Sources */,
				06AD917B2DA83D0C00B9B1E1 /* Frameworks */,
				06AD917C2DA83D0C00B9B1E1 /* Resources */,
			);
			buildRules = (
			);
			dependencies = (
				06AD91802DA83D0C00B9B1E1 /* PBXTargetDependency */,
			);
			fileSystemSynchronizedGroups = (
				06AD91812DA83D0C00B9B1E1 /* SportsGeekTests */,
			);
			name = SportsGeekTests;
			packageProductDependencies = (
			);
			productName = SportsGeekTests;
			productReference = 06AD917E2DA83D0C00B9B1E1 /* SportsGeekTests.xctest */;
			productType = "com.apple.product-type.bundle.unit-test";
		};
		06AD91872DA83D0C00B9B1E1 /* SportsGeekUITests */ = {
			isa = PBXNativeTarget;
			buildConfigurationList = 06AD91982DA83D0C00B9B1E1 /* Build configuration list for PBXNativeTarget "SportsGeekUITests" */;
			buildPhases = (
				06AD91842DA83D0C00B9B1E1 /* Sources */,
				06AD91852DA83D0C00B9B1E1 /* Frameworks */,
				06AD91862DA83D0C00B9B1E1 /* Resources */,
			);
			buildRules = (
			);
			dependencies = (
				06AD918A2DA83D0C00B9B1E1 /* PBXTargetDependency */,
			);
			fileSystemSynchronizedGroups = (
				06AD918B2DA83D0C00B9B1E1 /* SportsGeekUITests */,
			);
			name = SportsGeekUITests;
			packageProductDependencies = (
			);
			productName = SportsGeekUITests;
			productReference = 06AD91882DA83D0C00B9B1E1 /* SportsGeekUITests.xctest */;
			productType = "com.apple.product-type.bundle.ui-testing";
		};
/* End PBXNativeTarget section */

/* Begin PBXProject section */
		06AD91692DA83D0700B9B1E1 /* Project object */ = {
			isa = PBXProject;
			attributes = {
				BuildIndependentTargetsInParallel = 1;
				LastSwiftUpdateCheck = 1630;
				LastUpgradeCheck = 1630;
				TargetAttributes = {
					06AD91702DA83D0700B9B1E1 = {
						CreatedOnToolsVersion = 16.3;
					};
					06AD917D2DA83D0C00B9B1E1 = {
						CreatedOnToolsVersion = 16.3;
						TestTargetID = 06AD91702DA83D0700B9B1E1;
					};
					06AD91872DA83D0C00B9B1E1 = {
						CreatedOnToolsVersion = 16.3;
						TestTargetID = 06AD91702DA83D0700B9B1E1;
					};
				};
			};
			buildConfigurationList = 06AD916C2DA83D0700B9B1E1 /* Build configuration list for PBXProject "SportsGeek" */;
			developmentRegion = en;
			hasScannedForEncodings = 0;
			knownRegions = (
				en,
				Base,
			);
			mainGroup = 06AD91682DA83D0700B9B1E1;
			minimizedProjectReferenceProxies = 1;
			preferredProjectObjectVersion = 77;
			productRefGroup = 06AD91722DA83D0700B9B1E1 /* Products */;
			projectDirPath = "";
			projectRoot = "";
			targets = (
				06AD91702DA83D0700B9B1E1 /* SportsGeek */,
				06AD917D2DA83D0C00B9B1E1 /* SportsGeekTests */,
				06AD91872DA83D0C00B9B1E1 /* SportsGeekUITests */,
			);
		};
/* End PBXProject section */

/* Begin PBXResourcesBuildPhase section */
		06AD916F2DA83D0700B9B1E1 /* Resources */ = {
			isa = PBXResourcesBuildPhase;
			buildActionMask = 2147483647;
			files = (
			);
			runOnlyForDeploymentPostprocessing = 0;
		};
		06AD917C2DA83D0C00B9B1E1 /* Resources */ = {
			isa = PBXResourcesBuildPhase;
			buildActionMask = 2147483647;
			files = (
			);
			runOnlyForDeploymentPostprocessing = 0;
		};
		06AD91862DA83D0C00B9B1E1 /* Resources */ = {
			isa = PBXResourcesBuildPhase;
			buildActionMask = 2147483647;
			files = (
			);
			runOnlyForDeploymentPostprocessing = 0;
		};
/* End PBXResourcesBuildPhase section */

/* Begin PBXSourcesBuildPhase section */
		06AD916D2DA83D0700B9B1E1 /* Sources */ = {
			isa = PBXSourcesBuildPhase;
			buildActionMask = 2147483647;
			files = (
			);
			runOnlyForDeploymentPostprocessing = 0;
		};
		06AD917A2DA83D0C00B9B1E1 /* Sources */ = {
			isa = PBXSourcesBuildPhase;
			buildActionMask = 2147483647;
			files = (
			);
			runOnlyForDeploymentPostprocessing = 0;
		};
		06AD91842DA83D0C00B9B1E1 /* Sources */ = {
			isa = PBXSourcesBuildPhase;
			buildActionMask = 2147483647;
			files = (
			);
			runOnlyForDeploymentPostprocessing = 0;
		};
/* End PBXSourcesBuildPhase section */

/* Begin PBXTargetDependency section */
		06AD91802DA83D0C00B9B1E1 /* PBXTargetDependency */ = {
			isa = PBXTargetDependency;
			target = 06AD91702DA83D0700B9B1E1 /* SportsGeek */;
			targetProxy = 06AD917F2DA83D0C00B9B1E1 /* PBXContainerItemProxy */;
		};
		06AD918A2DA83D0C00B9B1E1 /* PBXTargetDependency */ = {
			isa = PBXTargetDependency;
			target = 06AD91702DA83D0700B9B1E1 /* SportsGeek */;
			targetProxy = 06AD91892DA83D0C00B9B1E1 /* PBXContainerItemProxy */;
		};
/* End PBXTargetDependency section */

/* Begin XCBuildConfiguration section */
		06AD91902DA83D0C00B9B1E1 /* Debug */ = {
			isa = XCBuildConfiguration;
			buildSettings = {
				ALWAYS_SEARCH_USER_PATHS = NO;
				ASSETCATALOG_COMPILER_GENERATE_SWIFT_ASSET_SYMBOL_EXTENSIONS = YES;
				CLANG_ANALYZER_NONNULL = YES;
				CLANG_ANALYZER_NUMBER_OBJECT_CONVERSION = YES_AGGRESSIVE;
				CLANG_CXX_LANGUAGE_STANDARD = "gnu++20";
				CLANG_ENABLE_MODULES = YES;
				CLANG_ENABLE_OBJC_ARC = YES;
				CLANG_ENABLE_OBJC_WEAK = YES;
				CLANG_WARN_BLOCK_CAPTURE_AUTORELEASING = YES;
				CLANG_WARN_BOOL_CONVERSION = YES;
				CLANG_WARN_COMMA = YES;
				CLANG_WARN_CONSTANT_CONVERSION = YES;
				CLANG_WARN_DEPRECATED_OBJC_IMPLEMENTATIONS = YES;
				CLANG_WARN_DIRECT_OBJC_ISA_USAGE = YES_ERROR;
				CLANG_WARN_DOCUMENTATION_COMMENTS = YES;
				CLANG_WARN_EMPTY_BODY = YES;
				CLANG_WARN_ENUM_CONVERSION = YES;
				CLANG_WARN_INFINITE_RECURSION = YES;
				CLANG_WARN_INT_CONVERSION = YES;
				CLANG_WARN_NON_LITERAL_NULL_CONVERSION = YES;
				CLANG_WARN_OBJC_IMPLICIT_RETAIN_SELF = YES;
				CLANG_WARN_OBJC_LITERAL_CONVERSION = YES;
				CLANG_WARN_OBJC_ROOT_CLASS = YES_ERROR;
				CLANG_WARN_QUOTED_INCLUDE_IN_FRAMEWORK_HEADER = YES;
				CLANG_WARN_RANGE_LOOP_ANALYSIS = YES;
				CLANG_WARN_STRICT_PROTOTYPES = YES;
				CLANG_WARN_SUSPICIOUS_MOVE = YES;
				CLANG_WARN_UNGUARDED_AVAILABILITY = YES_AGGRESSIVE;
				CLANG_WARN_UNREACHABLE_CODE = YES;
				CLANG_WARN__DUPLICATE_METHOD_MATCH = YES;
				COPY_PHASE_STRIP = NO;
				DEBUG_INFORMATION_FORMAT = dwarf;
				ENABLE_STRICT_OBJC_MSGSEND = YES;
				ENABLE_TESTABILITY = YES;
				ENABLE_USER_SCRIPT_SANDBOXING = YES;
				GCC_C_LANGUAGE_STANDARD = gnu17;
				GCC_DYNAMIC_NO_PIC = NO;
				GCC_NO_COMMON_BLOCKS = YES;
				GCC_OPTIMIZATION_LEVEL = 0;
				GCC_PREPROCESSOR_DEFINITIONS = (
					"DEBUG=1",
					"$(inherited)",
				);
				GCC_WARN_64_TO_32_BIT_CONVERSION = YES;
				GCC_WARN_ABOUT_RETURN_TYPE = YES_ERROR;
				GCC_WARN_UNDECLARED_SELECTOR = YES;
				GCC_WARN_UNINITIALIZED_AUTOS = YES_AGGRESSIVE;
				GCC_WARN_UNUSED_FUNCTION = YES;
				GCC_WARN_UNUSED_VARIABLE = YES;
				IPHONEOS_DEPLOYMENT_TARGET = 18.4;
				LOCALIZATION_PREFERS_STRING_CATALOGS = YES;
				MTL_ENABLE_DEBUG_INFO = INCLUDE_SOURCE;
				MTL_FAST_MATH = YES;
				ONLY_ACTIVE_ARCH = YES;
				SDKROOT = iphoneos;
				SWIFT_ACTIVE_COMPILATION_CONDITIONS = "DEBUG $(inherited)";
				SWIFT_OPTIMIZATION_LEVEL = "-Onone";
			};
			name = Debug;
		};
		06AD91912DA83D0C00B9B1E1 /* Release */ = {
			isa = XCBuildConfiguration;
			buildSettings = {
				ALWAYS_SEARCH_USER_PATHS = NO;
				ASSETCATALOG_COMPILER_GENERATE_SWIFT_ASSET_SYMBOL_EXTENSIONS = YES;
				CLANG_ANALYZER_NONNULL = YES;
				CLANG_ANALYZER_NUMBER_OBJECT_CONVERSION = YES_AGGRESSIVE;
				CLANG_CXX_LANGUAGE_STANDARD = "gnu++20";
				CLANG_ENABLE_MODULES = YES;
				CLANG_ENABLE_OBJC_ARC = YES;
				CLANG_ENABLE_OBJC_WEAK = YES;
				CLANG_WARN_BLOCK_CAPTURE_AUTORELEASING = YES;
				CLANG_WARN_BOOL_CONVERSION = YES;
				CLANG_WARN_COMMA = YES;
				CLANG_WARN_CONSTANT_CONVERSION = YES;
				CLANG_WARN_DEPRECATED_OBJC_IMPLEMENTATIONS = YES;
				CLANG_WARN_DIRECT_OBJC_ISA_USAGE = YES_ERROR;
				CLANG_WARN_DOCUMENTATION_COMMENTS = YES;
				CLANG_WARN_EMPTY_BODY = YES;
				CLANG_WARN_ENUM_CONVERSION = YES;
				CLANG_WARN_INFINITE_RECURSION = YES;
				CLANG_WARN_INT_CONVERSION = YES;
				CLANG_WARN_NON_LITERAL_NULL_CONVERSION = YES;
				CLANG_WARN_OBJC_IMPLICIT_RETAIN_SELF = YES;
				CLANG_WARN_OBJC_LITERAL_CONVERSION = YES;
				CLANG_WARN_OBJC_ROOT_CLASS = YES_ERROR;
				CLANG_WARN_QUOTED_INCLUDE_IN_FRAMEWORK_HEADER = YES;
				CLANG_WARN_RANGE_LOOP_ANALYSIS = YES;
				CLANG_WARN_STRICT_PROTOTYPES = YES;
				CLANG_WARN_SUSPICIOUS_MOVE = YES;
				CLANG_WARN_UNGUARDED_AVAILABILITY = YES_AGGRESSIVE;
				CLANG_WARN_UNREACHABLE_CODE = YES;
				CLANG_WARN__DUPLICATE_METHOD_MATCH = YES;
				COPY_PHASE_STRIP = NO;
				DEBUG_INFORMATION_FORMAT = "dwarf-with-dsym";
				ENABLE_NS_ASSERTIONS = NO;
				ENABLE_STRICT_OBJC_MSGSEND = YES;
				ENABLE_USER_SCRIPT_SANDBOXING = YES;
				GCC_C_LANGUAGE_STANDARD = gnu17;
				GCC_NO_COMMON_BLOCKS = YES;
				GCC_WARN_64_TO_32_BIT_CONVERSION = YES;
				GCC_WARN_ABOUT_RETURN_TYPE = YES_ERROR;
				GCC_WARN_UNDECLARED_SELECTOR = YES;
				GCC_WARN_UNINITIALIZED_AUTOS = YES_AGGRESSIVE;
				GCC_WARN_UNUSED_FUNCTION = YES;
				GCC_WARN_UNUSED_VARIABLE = YES;
				IPHONEOS_DEPLOYMENT_TARGET = 18.4;
				LOCALIZATION_PREFERS_STRING_CATALOGS = YES;
				MTL_ENABLE_DEBUG_INFO = NO;
				MTL_FAST_MATH = YES;
				SDKROOT = iphoneos;
				SWIFT_COMPILATION_MODE = wholemodule;
				VALIDATE_PRODUCT = YES;
			};
			name = Release;
		};
		06AD91932DA83D0C00B9B1E1 /* Debug */ = {
			isa = XCBuildConfiguration;
			buildSettings = {
				ASSETCATALOG_COMPILER_APPICON_NAME = AppIcon;
				ASSETCATALOG_COMPILER_GLOBAL_ACCENT_COLOR_NAME = AccentColor;
				CODE_SIGN_STYLE = Automatic;
				CURRENT_PROJECT_VERSION = 1;
				ENABLE_PREVIEWS = YES;
				GENERATE_INFOPLIST_FILE = YES;
				INFOPLIST_KEY_UIApplicationSceneManifest_Generation = YES;
				INFOPLIST_KEY_UIApplicationSupportsIndirectInputEvents = YES;
				INFOPLIST_KEY_UILaunchScreen_Generation = YES;
				INFOPLIST_KEY_UISupportedInterfaceOrientations_iPad = "UIInterfaceOrientationPortrait UIInterfaceOrientationPortraitUpsideDown UIInterfaceOrientationLandscapeLeft UIInterfaceOrientationLandscapeRight";
				INFOPLIST_KEY_UISupportedInterfaceOrientations_iPhone = "UIInterfaceOrientationPortrait UIInterfaceOrientationLandscapeLeft UIInterfaceOrientationLandscapeRight";
				LD_RUNPATH_SEARCH_PATHS = (
					"$(inherited)",
					"@executable_path/Frameworks",
				);
				MARKETING_VERSION = 1.0;
				PRODUCT_BUNDLE_IDENTIFIER = com.sportsgeek.SportsGeek;
				PRODUCT_NAME = "$(TARGET_NAME)";
				SWIFT_EMIT_LOC_STRINGS = YES;
				SWIFT_VERSION = 5.0;
				TARGETED_DEVICE_FAMILY = "1,2";
			};
			name = Debug;
		};
		06AD91942DA83D0C00B9B1E1 /* Release */ = {
			isa = XCBuildConfiguration;
			buildSettings = {
				ASSETCATALOG_COMPILER_APPICON_NAME = AppIcon;
				ASSETCATALOG_COMPILER_GLOBAL_ACCENT_COLOR_NAME = AccentColor;
				CODE_SIGN_STYLE = Automatic;
				CURRENT_PROJECT_VERSION = 1;
				ENABLE_PREVIEWS = YES;
				GENERATE_INFOPLIST_FILE = YES;
				INFOPLIST_KEY_UIApplicationSceneManifest_Generation = YES;
				INFOPLIST_KEY_UIApplicationSupportsIndirectInputEvents = YES;
				INFOPLIST_KEY_UILaunchScreen_Generation = YES;
				INFOPLIST_KEY_UISupportedInterfaceOrientations_iPad = "UIInterfaceOrientationPortrait UIInterfaceOrientationPortraitUpsideDown UIInterfaceOrientationLandscapeLeft UIInterfaceOrientationLandscapeRight";
				INFOPLIST_KEY_UISupportedInterfaceOrientations_iPhone = "UIInterfaceOrientationPortrait UIInterfaceOrientationLandscapeLeft UIInterfaceOrientationLandscapeRight";
				LD_RUNPATH_SEARCH_PATHS = (
					"$(inherited)",
					"@executable_path/Frameworks",
				);
				MARKETING_VERSION = 1.0;
				PRODUCT_BUNDLE_IDENTIFIER = com.sportsgeek.SportsGeek;
				PRODUCT_NAME = "$(TARGET_NAME)";
				SWIFT_EMIT_LOC_STRINGS = YES;
				SWIFT_VERSION = 5.0;
				TARGETED_DEVICE_FAMILY = "1,2";
			};
			name = Release;
		};
		06AD91962DA83D0C00B9B1E1 /* Debug */ = {
			isa = XCBuildConfiguration;
			buildSettings = {
				BUNDLE_LOADER = "$(TEST_HOST)";
				CODE_SIGN_STYLE = Automatic;
				CURRENT_PROJECT_VERSION = 1;
				GENERATE_INFOPLIST_FILE = YES;
				IPHONEOS_DEPLOYMENT_TARGET = 18.4;
				MARKETING_VERSION = 1.0;
				PRODUCT_BUNDLE_IDENTIFIER = com.sportsgeek.SportsGeekTests;
				PRODUCT_NAME = "$(TARGET_NAME)";
				SWIFT_EMIT_LOC_STRINGS = NO;
				SWIFT_VERSION = 5.0;
				TARGETED_DEVICE_FAMILY = "1,2";
				TEST_HOST = "$(BUILT_PRODUCTS_DIR)/SportsGeek.app/$(BUNDLE_EXECUTABLE_FOLDER_PATH)/SportsGeek";
			};
			name = Debug;
		};
		06AD91972DA83D0C00B9B1E1 /* Release */ = {
			isa = XCBuildConfiguration;
			buildSettings = {
				BUNDLE_LOADER = "$(TEST_HOST)";
				CODE_SIGN_STYLE = Automatic;
				CURRENT_PROJECT_VERSION = 1;
				GENERATE_INFOPLIST_FILE = YES;
				IPHONEOS_DEPLOYMENT_TARGET = 18.4;
				MARKETING_VERSION = 1.0;
				PRODUCT_BUNDLE_IDENTIFIER = com.sportsgeek.SportsGeekTests;
				PRODUCT_NAME = "$(TARGET_NAME)";
				SWIFT_EMIT_LOC_STRINGS = NO;
				SWIFT_VERSION = 5.0;
				TARGETED_DEVICE_FAMILY = "1,2";
				TEST_HOST = "$(BUILT_PRODUCTS_DIR)/SportsGeek.app/$(BUNDLE_EXECUTABLE_FOLDER_PATH)/SportsGeek";
			};
			name = Release;
		};
		06AD91992DA83D0C00B9B1E1 /* Debug */ = {
			isa = XCBuildConfiguration;
			buildSettings = {
				CODE_SIGN_STYLE = Automatic;
				CURRENT_PROJECT_VERSION = 1;
				GENERATE_INFOPLIST_FILE = YES;
				MARKETING_VERSION = 1.0;
				PRODUCT_BUNDLE_IDENTIFIER = com.sportsgeek.SportsGeekUITests;
				PRODUCT_NAME = "$(TARGET_NAME)";
				SWIFT_EMIT_LOC_STRINGS = NO;
				SWIFT_VERSION = 5.0;
				TARGETED_DEVICE_FAMILY = "1,2";
				TEST_TARGET_NAME = SportsGeek;
			};
			name = Debug;
		};
		06AD919A2DA83D0C00B9B1E1 /* Release */ = {
			isa = XCBuildConfiguration;
			buildSettings = {
				CODE_SIGN_STYLE = Automatic;
				CURRENT_PROJECT_VERSION = 1;
				GENERATE_INFOPLIST_FILE = YES;
				MARKETING_VERSION = 1.0;
				PRODUCT_BUNDLE_IDENTIFIER = com.sportsgeek.SportsGeekUITests;
				PRODUCT_NAME = "$(TARGET_NAME)";
				SWIFT_EMIT_LOC_STRINGS = NO;
				SWIFT_VERSION = 5.0;
				TARGETED_DEVICE_FAMILY = "1,2";
				TEST_TARGET_NAME = SportsGeek;
			};
			name = Release;
		};
/* End XCBuildConfiguration section */

/* Begin XCConfigurationList section */
		06AD916C2DA83D0700B9B1E1 /* Build configuration list for PBXProject "SportsGeek" */ = {
			isa = XCConfigurationList;
			buildConfigurations = (
				06AD91902DA83D0C00B9B1E1 /* Debug */,
				06AD91912DA83D0C00B9B1E1 /* Release */,
			);
			defaultConfigurationIsVisible = 0;
			defaultConfigurationName = Release;
		};
		06AD91922DA83D0C00B9B1E1 /* Build configuration list for PBXNativeTarget "SportsGeek" */ = {
			isa = XCConfigurationList;
			buildConfigurations = (
				06AD91932DA83D0C00B9B1E1 /* Debug */,
				06AD91942DA83D0C00B9B1E1 /* Release */,
			);
			defaultConfigurationIsVisible = 0;
			defaultConfigurationName = Release;
		};
		06AD91952DA83D0C00B9B1E1 /* Build configuration list for PBXNativeTarget "SportsGeekTests" */ = {
			isa = XCConfigurationList;
			buildConfigurations = (
				06AD91962DA83D0C00B9B1E1 /* Debug */,
				06AD91972DA83D0C00B9B1E1 /* Release */,
			);
			defaultConfigurationIsVisible = 0;
			defaultConfigurationName = Release;
		};
		06AD91982DA83D0C00B9B1E1 /* Build configuration list for PBXNativeTarget "SportsGeekUITests" */ = {
			isa = XCConfigurationList;
			buildConfigurations = (
				06AD91992DA83D0C00B9B1E1 /* Debug */,
				06AD919A2DA83D0C00B9B1E1 /* Release */,
			);
			defaultConfigurationIsVisible = 0;
			defaultConfigurationName = Release;
		};
/* End XCConfigurationList section */
	};
	rootObject = 06AD91692DA83D0700B9B1E1 /* Project object */;
}
